
Microsoft Visual Studio Solution File, Format Version 12.00
# Visual Studio 15
VisualStudioVersion = 15.0.26124.0
MinimumVisualStudioVersion = 15.0.26124.0
Project("{9A19103F-16F7-4668-BE54-9A1E7A4F7556}") = "R5T.D0012.Construction", "R5T.D0012.Construction\R5T.D0012.Construction.csproj", "{EC391BFD-F732-42B5-8B9B-20CD52135287}"
EndProject
Project("{9A19103F-16F7-4668-BE54-9A1E7A4F7556}") = "R5T.D0012", "R5T.D0012\R5T.D0012.csproj", "{11CA03CA-DF41-4D04-8AFD-4DBD18D00364}"
EndProject
Project("{9A19103F-16F7-4668-BE54-9A1E7A4F7556}") = "R5T.D0012.Base", "R5T.D0012.Base\R5T.D0012.Base.csproj", "{F6B6CD67-7669-42AD-B4BA-B4D8590733DD}"
EndProject
Project("{9A19103F-16F7-4668-BE54-9A1E7A4F7556}") = "R5T.D0012.D0011", "R5T.D0012.D0011\R5T.D0012.D0011.csproj", "{D80745B2-A80A-44AC-A48E-8F2A4FA4D3DE}"
EndProject
Project("{2150E333-8FDC-42A3-9474-1A3956D46DE8}") = "_Dependencies", "_Dependencies", "{73A6CF0D-BEE9-4C7D-BF25-5B2A5575D596}"
EndProject
Project("{9A19103F-16F7-4668-BE54-9A1E7A4F7556}") = "R5T.D0008.Base", "..\..\R5T.D0008\source\R5T.D0008.Base\R5T.D0008.Base.csproj", "{AC0AC08A-3E2A-4B14-8970-FFD8EFE8B639}"
EndProject
Project("{9A19103F-16F7-4668-BE54-9A1E7A4F7556}") = "R5T.D0011.Base", "..\..\R5T.D0011\source\R5T.D0011.Base\R5T.D0011.Base.csproj", "{C5879D80-CA9E-4B1B-876B-7E8958C4825F}"
EndProject
Project("{9A19103F-16F7-4668-BE54-9A1E7A4F7556}") = "R5T.Dacia.Extensions", "..\..\R5T.Dacia.Extensions\source\R5T.Dacia.Extensions\R5T.Dacia.Extensions.csproj", "{BFC85BD4-73A0-49DF-ACA7-1E9736A1F984}"
EndProject
Project("{9A19103F-16F7-4668-BE54-9A1E7A4F7556}") = "R5T.Dacia", "..\..\R5T.Dacia\source\R5T.Dacia\R5T.Dacia.csproj", "{B71BD8AF-A029-4D7E-9F89-2DF099DE9B76}"
EndProject
Project("{9A19103F-16F7-4668-BE54-9A1E7A4F7556}") = "R5T.D0012.Standard", "R5T.D0012.Standard\R5T.D0012.Standard.csproj", "{58194F7D-451A-4EF1-8347-C0B2000CF4A2}"
EndProject
Project("{9A19103F-16F7-4668-BE54-9A1E7A4F7556}") = "R5T.T0064", "..\..\R5T.T0064\source\R5T.T0064\R5T.T0064.csproj", "{CDF7DE7B-0669-4707-B26A-97CD82E1C35E}"
EndProject
Global
	GlobalSection(SolutionConfigurationPlatforms) = preSolution
		Debug|Any CPU = Debug|Any CPU
		Debug|x64 = Debug|x64
		Debug|x86 = Debug|x86
		Release|Any CPU = Release|Any CPU
		Release|x64 = Release|x64
		Release|x86 = Release|x86
	EndGlobalSection
	GlobalSection(ProjectConfigurationPlatforms) = postSolution
		{EC391BFD-F732-42B5-8B9B-20CD52135287}.Debug|Any CPU.ActiveCfg = Debug|Any CPU
		{EC391BFD-F732-42B5-8B9B-20CD52135287}.Debug|Any CPU.Build.0 = Debug|Any CPU
		{EC391BFD-F732-42B5-8B9B-20CD52135287}.Debug|x64.ActiveCfg = Debug|Any CPU
		{EC391BFD-F732-42B5-8B9B-20CD52135287}.Debug|x64.Build.0 = Debug|Any CPU
		{EC391BFD-F732-42B5-8B9B-20CD52135287}.Debug|x86.ActiveCfg = Debug|Any CPU
		{EC391BFD-F732-42B5-8B9B-20CD52135287}.Debug|x86.Build.0 = Debug|Any CPU
		{EC391BFD-F732-42B5-8B9B-20CD52135287}.Release|Any CPU.ActiveCfg = Release|Any CPU
		{EC391BFD-F732-42B5-8B9B-20CD52135287}.Release|Any CPU.Build.0 = Release|Any CPU
		{EC391BFD-F732-42B5-8B9B-20CD52135287}.Release|x64.ActiveCfg = Release|Any CPU
		{EC391BFD-F732-42B5-8B9B-20CD52135287}.Release|x64.Build.0 = Release|Any CPU
		{EC391BFD-F732-42B5-8B9B-20CD52135287}.Release|x86.ActiveCfg = Release|Any CPU
		{EC391BFD-F732-42B5-8B9B-20CD52135287}.Release|x86.Build.0 = Release|Any CPU
		{11CA03CA-DF41-4D04-8AFD-4DBD18D00364}.Debug|Any CPU.ActiveCfg = Debug|Any CPU
		{11CA03CA-DF41-4D04-8AFD-4DBD18D00364}.Debug|Any CPU.Build.0 = Debug|Any CPU
		{11CA03CA-DF41-4D04-8AFD-4DBD18D00364}.Debug|x64.ActiveCfg = Debug|Any CPU
		{11CA03CA-DF41-4D04-8AFD-4DBD18D00364}.Debug|x64.Build.0 = Debug|Any CPU
		{11CA03CA-DF41-4D04-8AFD-4DBD18D00364}.Debug|x86.ActiveCfg = Debug|Any CPU
		{11CA03CA-DF41-4D04-8AFD-4DBD18D00364}.Debug|x86.Build.0 = Debug|Any CPU
		{11CA03CA-DF41-4D04-8AFD-4DBD18D00364}.Release|Any CPU.ActiveCfg = Release|Any CPU
		{11CA03CA-DF41-4D04-8AFD-4DBD18D00364}.Release|Any CPU.Build.0 = Release|Any CPU
		{11CA03CA-DF41-4D04-8AFD-4DBD18D00364}.Release|x64.ActiveCfg = Release|Any CPU
		{11CA03CA-DF41-4D04-8AFD-4DBD18D00364}.Release|x64.Build.0 = Release|Any CPU
		{11CA03CA-DF41-4D04-8AFD-4DBD18D00364}.Release|x86.ActiveCfg = Release|Any CPU
		{11CA03CA-DF41-4D04-8AFD-4DBD18D00364}.Release|x86.Build.0 = Release|Any CPU
		{F6B6CD67-7669-42AD-B4BA-B4D8590733DD}.Debug|Any CPU.ActiveCfg = Debug|Any CPU
		{F6B6CD67-7669-42AD-B4BA-B4D8590733DD}.Debug|Any CPU.Build.0 = Debug|Any CPU
		{F6B6CD67-7669-42AD-B4BA-B4D8590733DD}.Debug|x64.ActiveCfg = Debug|Any CPU
		{F6B6CD67-7669-42AD-B4BA-B4D8590733DD}.Debug|x64.Build.0 = Debug|Any CPU
		{F6B6CD67-7669-42AD-B4BA-B4D8590733DD}.Debug|x86.ActiveCfg = Debug|Any CPU
		{F6B6CD67-7669-42AD-B4BA-B4D8590733DD}.Debug|x86.Build.0 = Debug|Any CPU
		{F6B6CD67-7669-42AD-B4BA-B4D8590733DD}.Release|Any CPU.ActiveCfg = Release|Any CPU
		{F6B6CD67-7669-42AD-B4BA-B4D8590733DD}.Release|Any CPU.Build.0 = Release|Any CPU
		{F6B6CD67-7669-42AD-B4BA-B4D8590733DD}.Release|x64.ActiveCfg = Release|Any CPU
		{F6B6CD67-7669-42AD-B4BA-B4D8590733DD}.Release|x64.Build.0 = Release|Any CPU
		{F6B6CD67-7669-42AD-B4BA-B4D8590733DD}.Release|x86.ActiveCfg = Release|Any CPU
		{F6B6CD67-7669-42AD-B4BA-B4D8590733DD}.Release|x86.Build.0 = Release|Any CPU
		{D80745B2-A80A-44AC-A48E-8F2A4FA4D3DE}.Debug|Any CPU.ActiveCfg = Debug|Any CPU
		{D80745B2-A80A-44AC-A48E-8F2A4FA4D3DE}.Debug|Any CPU.Build.0 = Debug|Any CPU
		{D80745B2-A80A-44AC-A48E-8F2A4FA4D3DE}.Debug|x64.ActiveCfg = Debug|Any CPU
		{D80745B2-A80A-44AC-A48E-8F2A4FA4D3DE}.Debug|x64.Build.0 = Debug|Any CPU
		{D80745B2-A80A-44AC-A48E-8F2A4FA4D3DE}.Debug|x86.ActiveCfg = Debug|Any CPU
		{D80745B2-A80A-44AC-A48E-8F2A4FA4D3DE}.Debug|x86.Build.0 = Debug|Any CPU
		{D80745B2-A80A-44AC-A48E-8F2A4FA4D3DE}.Release|Any CPU.ActiveCfg = Release|Any CPU
		{D80745B2-A80A-44AC-A48E-8F2A4FA4D3DE}.Release|Any CPU.Build.0 = Release|Any CPU
		{D80745B2-A80A-44AC-A48E-8F2A4FA4D3DE}.Release|x64.ActiveCfg = Release|Any CPU
		{D80745B2-A80A-44AC-A48E-8F2A4FA4D3DE}.Release|x64.Build.0 = Release|Any CPU
		{D80745B2-A80A-44AC-A48E-8F2A4FA4D3DE}.Release|x86.ActiveCfg = Release|Any CPU
		{D80745B2-A80A-44AC-A48E-8F2A4FA4D3DE}.Release|x86.Build.0 = Release|Any CPU
		{AC0AC08A-3E2A-4B14-8970-FFD8EFE8B639}.Debug|Any CPU.ActiveCfg = Debug|Any CPU
		{AC0AC08A-3E2A-4B14-8970-FFD8EFE8B639}.Debug|Any CPU.Build.0 = Debug|Any CPU
		{AC0AC08A-3E2A-4B14-8970-FFD8EFE8B639}.Debug|x64.ActiveCfg = Debug|Any CPU
		{AC0AC08A-3E2A-4B14-8970-FFD8EFE8B639}.Debug|x64.Build.0 = Debug|Any CPU
		{AC0AC08A-3E2A-4B14-8970-FFD8EFE8B639}.Debug|x86.ActiveCfg = Debug|Any CPU
		{AC0AC08A-3E2A-4B14-8970-FFD8EFE8B639}.Debug|x86.Build.0 = Debug|Any CPU
		{AC0AC08A-3E2A-4B14-8970-FFD8EFE8B639}.Release|Any CPU.ActiveCfg = Release|Any CPU
		{AC0AC08A-3E2A-4B14-8970-FFD8EFE8B639}.Release|Any CPU.Build.0 = Release|Any CPU
		{AC0AC08A-3E2A-4B14-8970-FFD8EFE8B639}.Release|x64.ActiveCfg = Release|Any CPU
		{AC0AC08A-3E2A-4B14-8970-FFD8EFE8B639}.Release|x64.Build.0 = Release|Any CPU
		{AC0AC08A-3E2A-4B14-8970-FFD8EFE8B639}.Release|x86.ActiveCfg = Release|Any CPU
		{AC0AC08A-3E2A-4B14-8970-FFD8EFE8B639}.Release|x86.Build.0 = Release|Any CPU
		{C5879D80-CA9E-4B1B-876B-7E8958C4825F}.Debug|Any CPU.ActiveCfg = Debug|Any CPU
		{C5879D80-CA9E-4B1B-876B-7E8958C4825F}.Debug|Any CPU.Build.0 = Debug|Any CPU
		{C5879D80-CA9E-4B1B-876B-7E8958C4825F}.Debug|x64.ActiveCfg = Debug|Any CPU
		{C5879D80-CA9E-4B1B-876B-7E8958C4825F}.Debug|x64.Build.0 = Debug|Any CPU
		{C5879D80-CA9E-4B1B-876B-7E8958C4825F}.Debug|x86.ActiveCfg = Debug|Any CPU
		{C5879D80-CA9E-4B1B-876B-7E8958C4825F}.Debug|x86.Build.0 = Debug|Any CPU
		{C5879D80-CA9E-4B1B-876B-7E8958C4825F}.Release|Any CPU.ActiveCfg = Release|Any CPU
		{C5879D80-CA9E-4B1B-876B-7E8958C4825F}.Release|Any CPU.Build.0 = Release|Any CPU
		{C5879D80-CA9E-4B1B-876B-7E8958C4825F}.Release|x64.ActiveCfg = Release|Any CPU
		{C5879D80-CA9E-4B1B-876B-7E8958C4825F}.Release|x64.Build.0 = Release|Any CPU
		{C5879D80-CA9E-4B1B-876B-7E8958C4825F}.Release|x86.ActiveCfg = Release|Any CPU
		{C5879D80-CA9E-4B1B-876B-7E8958C4825F}.Release|x86.Build.0 = Release|Any CPU
		{BFC85BD4-73A0-49DF-ACA7-1E9736A1F984}.Debug|Any CPU.ActiveCfg = Debug|Any CPU
		{BFC85BD4-73A0-49DF-ACA7-1E9736A1F984}.Debug|Any CPU.Build.0 = Debug|Any CPU
		{BFC85BD4-73A0-49DF-ACA7-1E9736A1F984}.Debug|x64.ActiveCfg = Debug|Any CPU
		{BFC85BD4-73A0-49DF-ACA7-1E9736A1F984}.Debug|x64.Build.0 = Debug|Any CPU
		{BFC85BD4-73A0-49DF-ACA7-1E9736A1F984}.Debug|x86.ActiveCfg = Debug|Any CPU
		{BFC85BD4-73A0-49DF-ACA7-1E9736A1F984}.Debug|x86.Build.0 = Debug|Any CPU
		{BFC85BD4-73A0-49DF-ACA7-1E9736A1F984}.Release|Any CPU.ActiveCfg = Release|Any CPU
		{BFC85BD4-73A0-49DF-ACA7-1E9736A1F984}.Release|Any CPU.Build.0 = Release|Any CPU
		{BFC85BD4-73A0-49DF-ACA7-1E9736A1F984}.Release|x64.ActiveCfg = Release|Any CPU
		{BFC85BD4-73A0-49DF-ACA7-1E9736A1F984}.Release|x64.Build.0 = Release|Any CPU
		{BFC85BD4-73A0-49DF-ACA7-1E9736A1F984}.Release|x86.ActiveCfg = Release|Any CPU
		{BFC85BD4-73A0-49DF-ACA7-1E9736A1F984}.Release|x86.Build.0 = Release|Any CPU
		{B71BD8AF-A029-4D7E-9F89-2DF099DE9B76}.Debug|Any CPU.ActiveCfg = Debug|Any CPU
		{B71BD8AF-A029-4D7E-9F89-2DF099DE9B76}.Debug|Any CPU.Build.0 = Debug|Any CPU
		{B71BD8AF-A029-4D7E-9F89-2DF099DE9B76}.Debug|x64.ActiveCfg = Debug|Any CPU
		{B71BD8AF-A029-4D7E-9F89-2DF099DE9B76}.Debug|x64.Build.0 = Debug|Any CPU
		{B71BD8AF-A029-4D7E-9F89-2DF099DE9B76}.Debug|x86.ActiveCfg = Debug|Any CPU
		{B71BD8AF-A029-4D7E-9F89-2DF099DE9B76}.Debug|x86.Build.0 = Debug|Any CPU
		{B71BD8AF-A029-4D7E-9F89-2DF099DE9B76}.Release|Any CPU.ActiveCfg = Release|Any CPU
		{B71BD8AF-A029-4D7E-9F89-2DF099DE9B76}.Release|Any CPU.Build.0 = Release|Any CPU
		{B71BD8AF-A029-4D7E-9F89-2DF099DE9B76}.Release|x64.ActiveCfg = Release|Any CPU
		{B71BD8AF-A029-4D7E-9F89-2DF099DE9B76}.Release|x64.Build.0 = Release|Any CPU
		{B71BD8AF-A029-4D7E-9F89-2DF099DE9B76}.Release|x86.ActiveCfg = Release|Any CPU
		{B71BD8AF-A029-4D7E-9F89-2DF099DE9B76}.Release|x86.Build.0 = Release|Any CPU
		{58194F7D-451A-4EF1-8347-C0B2000CF4A2}.Debug|Any CPU.ActiveCfg = Debug|Any CPU
		{58194F7D-451A-4EF1-8347-C0B2000CF4A2}.Debug|Any CPU.Build.0 = Debug|Any CPU
		{58194F7D-451A-4EF1-8347-C0B2000CF4A2}.Debug|x64.ActiveCfg = Debug|Any CPU
		{58194F7D-451A-4EF1-8347-C0B2000CF4A2}.Debug|x64.Build.0 = Debug|Any CPU
		{58194F7D-451A-4EF1-8347-C0B2000CF4A2}.Debug|x86.ActiveCfg = Debug|Any CPU
		{58194F7D-451A-4EF1-8347-C0B2000CF4A2}.Debug|x86.Build.0 = Debug|Any CPU
		{58194F7D-451A-4EF1-8347-C0B2000CF4A2}.Release|Any CPU.ActiveCfg = Release|Any CPU
		{58194F7D-451A-4EF1-8347-C0B2000CF4A2}.Release|Any CPU.Build.0 = Release|Any CPU
		{58194F7D-451A-4EF1-8347-C0B2000CF4A2}.Release|x64.ActiveCfg = Release|Any CPU
		{58194F7D-451A-4EF1-8347-C0B2000CF4A2}.Release|x64.Build.0 = Release|Any CPU
		{58194F7D-451A-4EF1-8347-C0B2000CF4A2}.Release|x86.ActiveCfg = Release|Any CPU
		{58194F7D-451A-4EF1-8347-C0B2000CF4A2}.Release|x86.Build.0 = Release|Any CPU
		{CDF7DE7B-0669-4707-B26A-97CD82E1C35E}.Debug|Any CPU.ActiveCfg = Debug|Any CPU
		{CDF7DE7B-0669-4707-B26A-97CD82E1C35E}.Debug|Any CPU.Build.0 = Debug|Any CPU
		{CDF7DE7B-0669-4707-B26A-97CD82E1C35E}.Debug|x64.ActiveCfg = Debug|Any CPU
		{CDF7DE7B-0669-4707-B26A-97CD82E1C35E}.Debug|x64.Build.0 = Debug|Any CPU
		{CDF7DE7B-0669-4707-B26A-97CD82E1C35E}.Debug|x86.ActiveCfg = Debug|Any CPU
		{CDF7DE7B-0669-4707-B26A-97CD82E1C35E}.Debug|x86.Build.0 = Debug|Any CPU
		{CDF7DE7B-0669-4707-B26A-97CD82E1C35E}.Release|Any CPU.ActiveCfg = Release|Any CPU
		{CDF7DE7B-0669-4707-B26A-97CD82E1C35E}.Release|Any CPU.Build.0 = Release|Any CPU
		{CDF7DE7B-0669-4707-B26A-97CD82E1C35E}.Release|x64.ActiveCfg = Release|Any CPU
		{CDF7DE7B-0669-4707-B26A-97CD82E1C35E}.Release|x64.Build.0 = Release|Any CPU
		{CDF7DE7B-0669-4707-B26A-97CD82E1C35E}.Release|x86.ActiveCfg = Release|Any CPU
		{CDF7DE7B-0669-4707-B26A-97CD82E1C35E}.Release|x86.Build.0 = Release|Any CPU
	EndGlobalSection
	GlobalSection(SolutionProperties) = preSolution
		HideSolutionNode = FALSE
	EndGlobalSection
	GlobalSection(NestedProjects) = preSolution
		{AC0AC08A-3E2A-4B14-8970-FFD8EFE8B639} = {73A6CF0D-BEE9-4C7D-BF25-5B2A5575D596}
		{C5879D80-CA9E-4B1B-876B-7E8958C4825F} = {73A6CF0D-BEE9-4C7D-BF25-5B2A5575D596}
		{BFC85BD4-73A0-49DF-ACA7-1E9736A1F984} = {73A6CF0D-BEE9-4C7D-BF25-5B2A5575D596}
		{B71BD8AF-A029-4D7E-9F89-2DF099DE9B76} = {73A6CF0D-BEE9-4C7D-BF25-5B2A5575D596}
		{CDF7DE7B-0669-4707-B26A-97CD82E1C35E} = {73A6CF0D-BEE9-4C7D-BF25-5B2A5575D596}
	EndGlobalSection
	GlobalSection(ExtensibilityGlobals) = postSolution
		SolutionGuid = {3A767777-45C9-43D3-98F9-CA80EF32F7EE}
	EndGlobalSection
EndGlobal
