
Microsoft Visual Studio Solution File, Format Version 12.00
# Visual Studio Version 16
VisualStudioVersion = 16.0.30114.105
MinimumVisualStudioVersion = 10.0.40219.1
Project("{FAE04EC0-301F-11D3-BF4B-00C04F79EFBC}") = "R5T.D0012", "R5T.D0012\R5T.D0012.csproj", "{A2234583-0864-4E87-B76F-5073A0E5D75E}"
EndProject
Project("{FAE04EC0-301F-11D3-BF4B-00C04F79EFBC}") = "R5T.D0012.Base", "R5T.D0012.Base\R5T.D0012.Base.csproj", "{8306B7FE-7769-4FA3-8783-BB240D42581E}"
EndProject
Project("{FAE04EC0-301F-11D3-BF4B-00C04F79EFBC}") = "R5T.D0012.Construction", "R5T.D0012.Construction\R5T.D0012.Construction.csproj", "{5C5D40A1-E824-42BC-AE2D-31F2F69AFEEF}"
EndProject
Project("{FAE04EC0-301F-11D3-BF4B-00C04F79EFBC}") = "R5T.D0012.D0011", "R5T.D0012.D0011\R5T.D0012.D0011.csproj", "{16563ED9-6A1D-4B5D-A45F-3C46A2567999}"
EndProject
Project("{FAE04EC0-301F-11D3-BF4B-00C04F79EFBC}") = "R5T.D0012.Standard", "R5T.D0012.Standard\R5T.D0012.Standard.csproj", "{455530DA-4C6E-4908-B9D1-CEB7297CE4B0}"
EndProject
Project("{2150E333-8FDC-42A3-9474-1A3956D46DE8}") = "_Dependencies", "_Dependencies", "{F045D5B4-9768-42E5-A073-A15B93D35B9F}"
EndProject
Project("{FAE04EC0-301F-11D3-BF4B-00C04F79EFBC}") = "R5T.T0064", "..\..\R5T.T0064\source\R5T.T0064\R5T.T0064.csproj", "{D6D27F55-33CB-4022-81E6-36B0AC6F5B9E}"
EndProject
Global
	GlobalSection(SolutionConfigurationPlatforms) = preSolution
		Debug|Any CPU = Debug|Any CPU
		Debug|x64 = Debug|x64
		Debug|x86 = Debug|x86
		Release|Any CPU = Release|Any CPU
		Release|x64 = Release|x64
		Release|x86 = Release|x86
	EndGlobalSection
	GlobalSection(SolutionProperties) = preSolution
		HideSolutionNode = FALSE
	EndGlobalSection
	GlobalSection(ProjectConfigurationPlatforms) = postSolution
		{A2234583-0864-4E87-B76F-5073A0E5D75E}.Debug|Any CPU.ActiveCfg = Debug|Any CPU
		{A2234583-0864-4E87-B76F-5073A0E5D75E}.Debug|Any CPU.Build.0 = Debug|Any CPU
		{A2234583-0864-4E87-B76F-5073A0E5D75E}.Debug|x64.ActiveCfg = Debug|Any CPU
		{A2234583-0864-4E87-B76F-5073A0E5D75E}.Debug|x64.Build.0 = Debug|Any CPU
		{A2234583-0864-4E87-B76F-5073A0E5D75E}.Debug|x86.ActiveCfg = Debug|Any CPU
		{A2234583-0864-4E87-B76F-5073A0E5D75E}.Debug|x86.Build.0 = Debug|Any CPU
		{A2234583-0864-4E87-B76F-5073A0E5D75E}.Release|Any CPU.ActiveCfg = Release|Any CPU
		{A2234583-0864-4E87-B76F-5073A0E5D75E}.Release|Any CPU.Build.0 = Release|Any CPU
		{A2234583-0864-4E87-B76F-5073A0E5D75E}.Release|x64.ActiveCfg = Release|Any CPU
		{A2234583-0864-4E87-B76F-5073A0E5D75E}.Release|x64.Build.0 = Release|Any CPU
		{A2234583-0864-4E87-B76F-5073A0E5D75E}.Release|x86.ActiveCfg = Release|Any CPU
		{A2234583-0864-4E87-B76F-5073A0E5D75E}.Release|x86.Build.0 = Release|Any CPU
		{8306B7FE-7769-4FA3-8783-BB240D42581E}.Debug|Any CPU.ActiveCfg = Debug|Any CPU
		{8306B7FE-7769-4FA3-8783-BB240D42581E}.Debug|Any CPU.Build.0 = Debug|Any CPU
		{8306B7FE-7769-4FA3-8783-BB240D42581E}.Debug|x64.ActiveCfg = Debug|Any CPU
		{8306B7FE-7769-4FA3-8783-BB240D42581E}.Debug|x64.Build.0 = Debug|Any CPU
		{8306B7FE-7769-4FA3-8783-BB240D42581E}.Debug|x86.ActiveCfg = Debug|Any CPU
		{8306B7FE-7769-4FA3-8783-BB240D42581E}.Debug|x86.Build.0 = Debug|Any CPU
		{8306B7FE-7769-4FA3-8783-BB240D42581E}.Release|Any CPU.ActiveCfg = Release|Any CPU
		{8306B7FE-7769-4FA3-8783-BB240D42581E}.Release|Any CPU.Build.0 = Release|Any CPU
		{8306B7FE-7769-4FA3-8783-BB240D42581E}.Release|x64.ActiveCfg = Release|Any CPU
		{8306B7FE-7769-4FA3-8783-BB240D42581E}.Release|x64.Build.0 = Release|Any CPU
		{8306B7FE-7769-4FA3-8783-BB240D42581E}.Release|x86.ActiveCfg = Release|Any CPU
		{8306B7FE-7769-4FA3-8783-BB240D42581E}.Release|x86.Build.0 = Release|Any CPU
		{5C5D40A1-E824-42BC-AE2D-31F2F69AFEEF}.Debug|Any CPU.ActiveCfg = Debug|Any CPU
		{5C5D40A1-E824-42BC-AE2D-31F2F69AFEEF}.Debug|Any CPU.Build.0 = Debug|Any CPU
		{5C5D40A1-E824-42BC-AE2D-31F2F69AFEEF}.Debug|x64.ActiveCfg = Debug|Any CPU
		{5C5D40A1-E824-42BC-AE2D-31F2F69AFEEF}.Debug|x64.Build.0 = Debug|Any CPU
		{5C5D40A1-E824-42BC-AE2D-31F2F69AFEEF}.Debug|x86.ActiveCfg = Debug|Any CPU
		{5C5D40A1-E824-42BC-AE2D-31F2F69AFEEF}.Debug|x86.Build.0 = Debug|Any CPU
		{5C5D40A1-E824-42BC-AE2D-31F2F69AFEEF}.Release|Any CPU.ActiveCfg = Release|Any CPU
		{5C5D40A1-E824-42BC-AE2D-31F2F69AFEEF}.Release|Any CPU.Build.0 = Release|Any CPU
		{5C5D40A1-E824-42BC-AE2D-31F2F69AFEEF}.Release|x64.ActiveCfg = Release|Any CPU
		{5C5D40A1-E824-42BC-AE2D-31F2F69AFEEF}.Release|x64.Build.0 = Release|Any CPU
		{5C5D40A1-E824-42BC-AE2D-31F2F69AFEEF}.Release|x86.ActiveCfg = Release|Any CPU
		{5C5D40A1-E824-42BC-AE2D-31F2F69AFEEF}.Release|x86.Build.0 = Release|Any CPU
		{16563ED9-6A1D-4B5D-A45F-3C46A2567999}.Debug|Any CPU.ActiveCfg = Debug|Any CPU
		{16563ED9-6A1D-4B5D-A45F-3C46A2567999}.Debug|Any CPU.Build.0 = Debug|Any CPU
		{16563ED9-6A1D-4B5D-A45F-3C46A2567999}.Debug|x64.ActiveCfg = Debug|Any CPU
		{16563ED9-6A1D-4B5D-A45F-3C46A2567999}.Debug|x64.Build.0 = Debug|Any CPU
		{16563ED9-6A1D-4B5D-A45F-3C46A2567999}.Debug|x86.ActiveCfg = Debug|Any CPU
		{16563ED9-6A1D-4B5D-A45F-3C46A2567999}.Debug|x86.Build.0 = Debug|Any CPU
		{16563ED9-6A1D-4B5D-A45F-3C46A2567999}.Release|Any CPU.ActiveCfg = Release|Any CPU
		{16563ED9-6A1D-4B5D-A45F-3C46A2567999}.Release|Any CPU.Build.0 = Release|Any CPU
		{16563ED9-6A1D-4B5D-A45F-3C46A2567999}.Release|x64.ActiveCfg = Release|Any CPU
		{16563ED9-6A1D-4B5D-A45F-3C46A2567999}.Release|x64.Build.0 = Release|Any CPU
		{16563ED9-6A1D-4B5D-A45F-3C46A2567999}.Release|x86.ActiveCfg = Release|Any CPU
		{16563ED9-6A1D-4B5D-A45F-3C46A2567999}.Release|x86.Build.0 = Release|Any CPU
		{455530DA-4C6E-4908-B9D1-CEB7297CE4B0}.Debug|Any CPU.ActiveCfg = Debug|Any CPU
		{455530DA-4C6E-4908-B9D1-CEB7297CE4B0}.Debug|Any CPU.Build.0 = Debug|Any CPU
		{455530DA-4C6E-4908-B9D1-CEB7297CE4B0}.Debug|x64.ActiveCfg = Debug|Any CPU
		{455530DA-4C6E-4908-B9D1-CEB7297CE4B0}.Debug|x64.Build.0 = Debug|Any CPU
		{455530DA-4C6E-4908-B9D1-CEB7297CE4B0}.Debug|x86.ActiveCfg = Debug|Any CPU
		{455530DA-4C6E-4908-B9D1-CEB7297CE4B0}.Debug|x86.Build.0 = Debug|Any CPU
		{455530DA-4C6E-4908-B9D1-CEB7297CE4B0}.Release|Any CPU.ActiveCfg = Release|Any CPU
		{455530DA-4C6E-4908-B9D1-CEB7297CE4B0}.Release|Any CPU.Build.0 = Release|Any CPU
		{455530DA-4C6E-4908-B9D1-CEB7297CE4B0}.Release|x64.ActiveCfg = Release|Any CPU
		{455530DA-4C6E-4908-B9D1-CEB7297CE4B0}.Release|x64.Build.0 = Release|Any CPU
		{455530DA-4C6E-4908-B9D1-CEB7297CE4B0}.Release|x86.ActiveCfg = Release|Any CPU
		{455530DA-4C6E-4908-B9D1-CEB7297CE4B0}.Release|x86.Build.0 = Release|Any CPU
		{D6D27F55-33CB-4022-81E6-36B0AC6F5B9E}.Debug|Any CPU.ActiveCfg = Debug|Any CPU
		{D6D27F55-33CB-4022-81E6-36B0AC6F5B9E}.Debug|Any CPU.Build.0 = Debug|Any CPU
		{D6D27F55-33CB-4022-81E6-36B0AC6F5B9E}.Debug|x64.ActiveCfg = Debug|Any CPU
		{D6D27F55-33CB-4022-81E6-36B0AC6F5B9E}.Debug|x64.Build.0 = Debug|Any CPU
		{D6D27F55-33CB-4022-81E6-36B0AC6F5B9E}.Debug|x86.ActiveCfg = Debug|Any CPU
		{D6D27F55-33CB-4022-81E6-36B0AC6F5B9E}.Debug|x86.Build.0 = Debug|Any CPU
		{D6D27F55-33CB-4022-81E6-36B0AC6F5B9E}.Release|Any CPU.ActiveCfg = Release|Any CPU
		{D6D27F55-33CB-4022-81E6-36B0AC6F5B9E}.Release|Any CPU.Build.0 = Release|Any CPU
		{D6D27F55-33CB-4022-81E6-36B0AC6F5B9E}.Release|x64.ActiveCfg = Release|Any CPU
		{D6D27F55-33CB-4022-81E6-36B0AC6F5B9E}.Release|x64.Build.0 = Release|Any CPU
		{D6D27F55-33CB-4022-81E6-36B0AC6F5B9E}.Release|x86.ActiveCfg = Release|Any CPU
		{D6D27F55-33CB-4022-81E6-36B0AC6F5B9E}.Release|x86.Build.0 = Release|Any CPU
	EndGlobalSection
	GlobalSection(NestedProjects) = preSolution
		{D6D27F55-33CB-4022-81E6-36B0AC6F5B9E} = {F045D5B4-9768-42E5-A073-A15B93D35B9F}
	EndGlobalSection
EndGlobal
